
Microsoft Visual Studio Solution File, Format Version 12.00
Project("{FAE04EC0-301F-11D3-BF4B-00C04F79EFBC}") = "LeaveManagement.web", "LeaveManagement.web\LeaveManagement.web.csproj", "{179591E8-AA67-4CCD-B263-E93D1D645B9A}"
EndProject
Global
	GlobalSection(SolutionConfigurationPlatforms) = preSolution
		Debug|Any CPU = Debug|Any CPU
		Release|Any CPU = Release|Any CPU
	EndGlobalSection
	GlobalSection(ProjectConfigurationPlatforms) = postSolution
		{179591E8-AA67-4CCD-B263-E93D1D645B9A}.Debug|Any CPU.ActiveCfg = Debug|Any CPU
		{179591E8-AA67-4CCD-B263-E93D1D645B9A}.Debug|Any CPU.Build.0 = Debug|Any CPU
		{179591E8-AA67-4CCD-B263-E93D1D645B9A}.Release|Any CPU.ActiveCfg = Release|Any CPU
		{179591E8-AA67-4CCD-B263-E93D1D645B9A}.Release|Any CPU.Build.0 = Release|Any CPU
	EndGlobalSection
EndGlobal
